// !$*UTF8*$!
{
	archiveVersion = 1;
	classes = {
	};
	objectVersion = 56;
	objects = {

/* Begin PBXBuildFile section */
		34945FD3298BF17500B92A14 /* TypeVC.swift in Sources */ = {isa = PBXBuildFile; fileRef = 34945FD2298BF17400B92A14 /* TypeVC.swift */; };
		34945FD5298BF1C600B92A14 /* FloorMapVC.swift in Sources */ = {isa = PBXBuildFile; fileRef = 34945FD4298BF1C600B92A14 /* FloorMapVC.swift */; };
		34DB67FD298A5F1900DD69AD /* AppDelegate.swift in Sources */ = {isa = PBXBuildFile; fileRef = 34DB67FC298A5F1900DD69AD /* AppDelegate.swift */; };
		34DB67FF298A5F1900DD69AD /* SceneDelegate.swift in Sources */ = {isa = PBXBuildFile; fileRef = 34DB67FE298A5F1900DD69AD /* SceneDelegate.swift */; };
		34DB6801298A5F1900DD69AD /* WelcomeVC.swift in Sources */ = {isa = PBXBuildFile; fileRef = 34DB6800298A5F1900DD69AD /* WelcomeVC.swift */; };
		34DB6804298A5F1900DD69AD /* Main.storyboard in Resources */ = {isa = PBXBuildFile; fileRef = 34DB6802298A5F1900DD69AD /* Main.storyboard */; };
		34DB6806298A5F1A00DD69AD /* Assets.xcassets in Resources */ = {isa = PBXBuildFile; fileRef = 34DB6805298A5F1A00DD69AD /* Assets.xcassets */; };
		34DB6809298A5F1A00DD69AD /* LaunchScreen.storyboard in Resources */ = {isa = PBXBuildFile; fileRef = 34DB6807298A5F1A00DD69AD /* LaunchScreen.storyboard */; };
		34F5FCA7298BDCF4003822AC /* BorderButton.swift in Sources */ = {isa = PBXBuildFile; fileRef = 34F5FCA6298BDCF4003822AC /* BorderButton.swift */; };
/* End PBXBuildFile section */

/* Begin PBXFileReference section */
		34945FD2298BF17400B92A14 /* TypeVC.swift */ = {isa = PBXFileReference; lastKnownFileType = sourcecode.swift; path = TypeVC.swift; sourceTree = "<group>"; };
		34945FD4298BF1C600B92A14 /* FloorMapVC.swift */ = {isa = PBXFileReference; lastKnownFileType = sourcecode.swift; path = FloorMapVC.swift; sourceTree = "<group>"; };
		34DB67F9298A5F1900DD69AD /* CSNavigationProject.app */ = {isa = PBXFileReference; explicitFileType = wrapper.application; includeInIndex = 0; path = CSNavigationProject.app; sourceTree = BUILT_PRODUCTS_DIR; };
		34DB67FC298A5F1900DD69AD /* AppDelegate.swift */ = {isa = PBXFileReference; lastKnownFileType = sourcecode.swift; path = AppDelegate.swift; sourceTree = "<group>"; };
		34DB67FE298A5F1900DD69AD /* SceneDelegate.swift */ = {isa = PBXFileReference; lastKnownFileType = sourcecode.swift; path = SceneDelegate.swift; sourceTree = "<group>"; };
		34DB6800298A5F1900DD69AD /* WelcomeVC.swift */ = {isa = PBXFileReference; lastKnownFileType = sourcecode.swift; path = WelcomeVC.swift; sourceTree = "<group>"; };
		34DB6803298A5F1900DD69AD /* Base */ = {isa = PBXFileReference; lastKnownFileType = file.storyboard; name = Base; path = Base.lproj/Main.storyboard; sourceTree = "<group>"; };
		34DB6805298A5F1A00DD69AD /* Assets.xcassets */ = {isa = PBXFileReference; lastKnownFileType = folder.assetcatalog; path = Assets.xcassets; sourceTree = "<group>"; };
		34DB6808298A5F1A00DD69AD /* Base */ = {isa = PBXFileReference; lastKnownFileType = file.storyboard; name = Base; path = Base.lproj/LaunchScreen.storyboard; sourceTree = "<group>"; };
		34DB680A298A5F1A00DD69AD /* Info.plist */ = {isa = PBXFileReference; lastKnownFileType = text.plist.xml; path = Info.plist; sourceTree = "<group>"; };
		34F5FCA6298BDCF4003822AC /* BorderButton.swift */ = {isa = PBXFileReference; lastKnownFileType = sourcecode.swift; path = BorderButton.swift; sourceTree = "<group>"; };
/* End PBXFileReference section */

/* Begin PBXFrameworksBuildPhase section */
		34DB67F6298A5F1900DD69AD /* Frameworks */ = {
			isa = PBXFrameworksBuildPhase;
			buildActionMask = 2147483647;
			files = (
			);
			runOnlyForDeploymentPostprocessing = 0;
		};
/* End PBXFrameworksBuildPhase section */

/* Begin PBXGroup section */
		34DB67F0298A5F1900DD69AD = {
			isa = PBXGroup;
			children = (
				34DB67FB298A5F1900DD69AD /* CSNavigationProject */,
				34DB67FA298A5F1900DD69AD /* Products */,
			);
			sourceTree = "<group>";
		};
		34DB67FA298A5F1900DD69AD /* Products */ = {
			isa = PBXGroup;
			children = (
				34DB67F9298A5F1900DD69AD /* CSNavigationProject.app */,
			);
			name = Products;
			sourceTree = "<group>";
		};
		34DB67FB298A5F1900DD69AD /* CSNavigationProject */ = {
			isa = PBXGroup;
			children = (
				34F5FCA9298BE6E8003822AC /* Model */,
				34F5FCA8298BE6C4003822AC /* Controller */,
				34F5FCA5298BDCAE003822AC /* View */,
				34DB67FC298A5F1900DD69AD /* AppDelegate.swift */,
				34DB67FE298A5F1900DD69AD /* SceneDelegate.swift */,
				34DB6802298A5F1900DD69AD /* Main.storyboard */,
				34DB6805298A5F1A00DD69AD /* Assets.xcassets */,
				34DB6807298A5F1A00DD69AD /* LaunchScreen.storyboard */,
				34DB680A298A5F1A00DD69AD /* Info.plist */,
			);
			path = CSNavigationProject;
			sourceTree = "<group>";
		};
		34F5FCA5298BDCAE003822AC /* View */ = {
			isa = PBXGroup;
			children = (
				34F5FCA6298BDCF4003822AC /* BorderButton.swift */,
			);
			path = View;
			sourceTree = "<group>";
		};
		34F5FCA8298BE6C4003822AC /* Controller */ = {
			isa = PBXGroup;
			children = (
				34DB6800298A5F1900DD69AD /* WelcomeVC.swift */,
				34945FD2298BF17400B92A14 /* TypeVC.swift */,
				34945FD4298BF1C600B92A14 /* FloorMapVC.swift */,
			);
			path = Controller;
			sourceTree = "<group>";
		};
		34F5FCA9298BE6E8003822AC /* Model */ = {
			isa = PBXGroup;
			children = (
			);
			path = Model;
			sourceTree = "<group>";
		};
/* End PBXGroup section */

/* Begin PBXNativeTarget section */
		34DB67F8298A5F1900DD69AD /* CSNavigationProject */ = {
			isa = PBXNativeTarget;
			buildConfigurationList = 34DB680D298A5F1A00DD69AD /* Build configuration list for PBXNativeTarget "CSNavigationProject" */;
			buildPhases = (
				34DB67F5298A5F1900DD69AD /* Sources */,
				34DB67F6298A5F1900DD69AD /* Frameworks */,
				34DB67F7298A5F1900DD69AD /* Resources */,
			);
			buildRules = (
			);
			dependencies = (
			);
			name = CSNavigationProject;
			productName = CSNavigationProject;
			productReference = 34DB67F9298A5F1900DD69AD /* CSNavigationProject.app */;
			productType = "com.apple.product-type.application";
		};
/* End PBXNativeTarget section */

/* Begin PBXProject section */
		34DB67F1298A5F1900DD69AD /* Project object */ = {
			isa = PBXProject;
			attributes = {
				BuildIndependentTargetsInParallel = 1;
				LastSwiftUpdateCheck = 1420;
				LastUpgradeCheck = 1420;
				TargetAttributes = {
					34DB67F8298A5F1900DD69AD = {
						CreatedOnToolsVersion = 14.2;
					};
				};
			};
			buildConfigurationList = 34DB67F4298A5F1900DD69AD /* Build configuration list for PBXProject "CSNavigationProject" */;
			compatibilityVersion = "Xcode 14.0";
			developmentRegion = en;
			hasScannedForEncodings = 0;
			knownRegions = (
				en,
				Base,
			);
			mainGroup = 34DB67F0298A5F1900DD69AD;
			productRefGroup = 34DB67FA298A5F1900DD69AD /* Products */;
			projectDirPath = "";
			projectRoot = "";
			targets = (
				34DB67F8298A5F1900DD69AD /* CSNavigationProject */,
			);
		};
/* End PBXProject section */

/* Begin PBXResourcesBuildPhase section */
		34DB67F7298A5F1900DD69AD /* Resources */ = {
			isa = PBXResourcesBuildPhase;
			buildActionMask = 2147483647;
			files = (
				34DB6809298A5F1A00DD69AD /* LaunchScreen.storyboard in Resources */,
				34DB6806298A5F1A00DD69AD /* Assets.xcassets in Resources */,
				34DB6804298A5F1900DD69AD /* Main.storyboard in Resources */,
			);
			runOnlyForDeploymentPostprocessing = 0;
		};
/* End PBXResourcesBuildPhase section */

/* Begin PBXSourcesBuildPhase section */
		34DB67F5298A5F1900DD69AD /* Sources */ = {
			isa = PBXSourcesBuildPhase;
			buildActionMask = 2147483647;
			files = (
				34DB6801298A5F1900DD69AD /* WelcomeVC.swift in Sources */,
				34DB67FD298A5F1900DD69AD /* AppDelegate.swift in Sources */,
				34DB67FF298A5F1900DD69AD /* SceneDelegate.swift in Sources */,
				34945FD3298BF17500B92A14 /* TypeVC.swift in Sources */,
				34945FD5298BF1C600B92A14 /* FloorMapVC.swift in Sources */,
				34F5FCA7298BDCF4003822AC /* BorderButton.swift in Sources */,
			);
			runOnlyForDeploymentPostprocessing = 0;
		};
/* End PBXSourcesBuildPhase section */

/* Begin PBXVariantGroup section */
		34DB6802298A5F1900DD69AD /* Main.storyboard */ = {
			isa = PBXVariantGroup;
			children = (
				34DB6803298A5F1900DD69AD /* Base */,
			);
			name = Main.storyboard;
			sourceTree = "<group>";
		};
		34DB6807298A5F1A00DD69AD /* LaunchScreen.storyboard */ = {
			isa = PBXVariantGroup;
			children = (
				34DB6808298A5F1A00DD69AD /* Base */,
			);
			name = LaunchScreen.storyboard;
			sourceTree = "<group>";
		};
/* End PBXVariantGroup section */

/* Begin XCBuildConfiguration section */
		34DB680B298A5F1A00DD69AD /* Debug */ = {
			isa = XCBuildConfiguration;
			buildSettings = {
				ALWAYS_SEARCH_USER_PATHS = NO;
				CLANG_ANALYZER_NONNULL = YES;
				CLANG_ANALYZER_NUMBER_OBJECT_CONVERSION = YES_AGGRESSIVE;
				CLANG_CXX_LANGUAGE_STANDARD = "gnu++20";
				CLANG_ENABLE_MODULES = YES;
				CLANG_ENABLE_OBJC_ARC = YES;
				CLANG_ENABLE_OBJC_WEAK = YES;
				CLANG_WARN_BLOCK_CAPTURE_AUTORELEASING = YES;
				CLANG_WARN_BOOL_CONVERSION = YES;
				CLANG_WARN_COMMA = YES;
				CLANG_WARN_CONSTANT_CONVERSION = YES;
				CLANG_WARN_DEPRECATED_OBJC_IMPLEMENTATIONS = YES;
				CLANG_WARN_DIRECT_OBJC_ISA_USAGE = YES_ERROR;
				CLANG_WARN_DOCUMENTATION_COMMENTS = YES;
				CLANG_WARN_EMPTY_BODY = YES;
				CLANG_WARN_ENUM_CONVERSION = YES;
				CLANG_WARN_INFINITE_RECURSION = YES;
				CLANG_WARN_INT_CONVERSION = YES;
				CLANG_WARN_NON_LITERAL_NULL_CONVERSION = YES;
				CLANG_WARN_OBJC_IMPLICIT_RETAIN_SELF = YES;
				CLANG_WARN_OBJC_LITERAL_CONVERSION = YES;
				CLANG_WARN_OBJC_ROOT_CLASS = YES_ERROR;
				CLANG_WARN_QUOTED_INCLUDE_IN_FRAMEWORK_HEADER = YES;
				CLANG_WARN_RANGE_LOOP_ANALYSIS = YES;
				CLANG_WARN_STRICT_PROTOTYPES = YES;
				CLANG_WARN_SUSPICIOUS_MOVE = YES;
				CLANG_WARN_UNGUARDED_AVAILABILITY = YES_AGGRESSIVE;
				CLANG_WARN_UNREACHABLE_CODE = YES;
				CLANG_WARN__DUPLICATE_METHOD_MATCH = YES;
				COPY_PHASE_STRIP = NO;
				DEBUG_INFORMATION_FORMAT = dwarf;
				ENABLE_STRICT_OBJC_MSGSEND = YES;
				ENABLE_TESTABILITY = YES;
				GCC_C_LANGUAGE_STANDARD = gnu11;
				GCC_DYNAMIC_NO_PIC = NO;
				GCC_NO_COMMON_BLOCKS = YES;
				GCC_OPTIMIZATION_LEVEL = 0;
				GCC_PREPROCESSOR_DEFINITIONS = (
					"DEBUG=1",
					"$(inherited)",
				);
				GCC_WARN_64_TO_32_BIT_CONVERSION = YES;
				GCC_WARN_ABOUT_RETURN_TYPE = YES_ERROR;
				GCC_WARN_UNDECLARED_SELECTOR = YES;
				GCC_WARN_UNINITIALIZED_AUTOS = YES_AGGRESSIVE;
				GCC_WARN_UNUSED_FUNCTION = YES;
				GCC_WARN_UNUSED_VARIABLE = YES;
				IPHONEOS_DEPLOYMENT_TARGET = 16.2;
				MACOSX_DEPLOYMENT_TARGET = 13.1;
				MTL_ENABLE_DEBUG_INFO = INCLUDE_SOURCE;
				MTL_FAST_MATH = YES;
				ONLY_ACTIVE_ARCH = YES;
				SDKROOT = iphoneos;
				SWIFT_ACTIVE_COMPILATION_CONDITIONS = DEBUG;
				SWIFT_OPTIMIZATION_LEVEL = "-Onone";
			};
			name = Debug;
		};
		34DB680C298A5F1A00DD69AD /* Release */ = {
			isa = XCBuildConfiguration;
			buildSettings = {
				ALWAYS_SEARCH_USER_PATHS = NO;
				CLANG_ANALYZER_NONNULL = YES;
				CLANG_ANALYZER_NUMBER_OBJECT_CONVERSION = YES_AGGRESSIVE;
				CLANG_CXX_LANGUAGE_STANDARD = "gnu++20";
				CLANG_ENABLE_MODULES = YES;
				CLANG_ENABLE_OBJC_ARC = YES;
				CLANG_ENABLE_OBJC_WEAK = YES;
				CLANG_WARN_BLOCK_CAPTURE_AUTORELEASING = YES;
				CLANG_WARN_BOOL_CONVERSION = YES;
				CLANG_WARN_COMMA = YES;
				CLANG_WARN_CONSTANT_CONVERSION = YES;
				CLANG_WARN_DEPRECATED_OBJC_IMPLEMENTATIONS = YES;
				CLANG_WARN_DIRECT_OBJC_ISA_USAGE = YES_ERROR;
				CLANG_WARN_DOCUMENTATION_COMMENTS = YES;
				CLANG_WARN_EMPTY_BODY = YES;
				CLANG_WARN_ENUM_CONVERSION = YES;
				CLANG_WARN_INFINITE_RECURSION = YES;
				CLANG_WARN_INT_CONVERSION = YES;
				CLANG_WARN_NON_LITERAL_NULL_CONVERSION = YES;
				CLANG_WARN_OBJC_IMPLICIT_RETAIN_SELF = YES;
				CLANG_WARN_OBJC_LITERAL_CONVERSION = YES;
				CLANG_WARN_OBJC_ROOT_CLASS = YES_ERROR;
				CLANG_WARN_QUOTED_INCLUDE_IN_FRAMEWORK_HEADER = YES;
				CLANG_WARN_RANGE_LOOP_ANALYSIS = YES;
				CLANG_WARN_STRICT_PROTOTYPES = YES;
				CLANG_WARN_SUSPICIOUS_MOVE = YES;
				CLANG_WARN_UNGUARDED_AVAILABILITY = YES_AGGRESSIVE;
				CLANG_WARN_UNREACHABLE_CODE = YES;
				CLANG_WARN__DUPLICATE_METHOD_MATCH = YES;
				COPY_PHASE_STRIP = NO;
				DEBUG_INFORMATION_FORMAT = "dwarf-with-dsym";
				ENABLE_NS_ASSERTIONS = NO;
				ENABLE_STRICT_OBJC_MSGSEND = YES;
				GCC_C_LANGUAGE_STANDARD = gnu11;
				GCC_NO_COMMON_BLOCKS = YES;
				GCC_WARN_64_TO_32_BIT_CONVERSION = YES;
				GCC_WARN_ABOUT_RETURN_TYPE = YES_ERROR;
				GCC_WARN_UNDECLARED_SELECTOR = YES;
				GCC_WARN_UNINITIALIZED_AUTOS = YES_AGGRESSIVE;
				GCC_WARN_UNUSED_FUNCTION = YES;
				GCC_WARN_UNUSED_VARIABLE = YES;
				IPHONEOS_DEPLOYMENT_TARGET = 16.2;
				MACOSX_DEPLOYMENT_TARGET = 13.1;
				MTL_ENABLE_DEBUG_INFO = NO;
				MTL_FAST_MATH = YES;
				SDKROOT = iphoneos;
				SWIFT_COMPILATION_MODE = wholemodule;
				SWIFT_OPTIMIZATION_LEVEL = "-O";
				VALIDATE_PRODUCT = YES;
			};
			name = Release;
		};
		34DB680E298A5F1A00DD69AD /* Debug */ = {
			isa = XCBuildConfiguration;
			buildSettings = {
				ASSETCATALOG_COMPILER_APPICON_NAME = AppIcon;
				ASSETCATALOG_COMPILER_GLOBAL_ACCENT_COLOR_NAME = AccentColor;
				CODE_SIGN_STYLE = Automatic;
				CURRENT_PROJECT_VERSION = 1;
				DEVELOPMENT_TEAM = 3LX4GSD4QD;
				GENERATE_INFOPLIST_FILE = YES;
				INFOPLIST_FILE = CSNavigationProject/Info.plist;
				INFOPLIST_KEY_UIApplicationSupportsIndirectInputEvents = YES;
				INFOPLIST_KEY_UILaunchStoryboardName = LaunchScreen;
				INFOPLIST_KEY_UIMainStoryboardFile = Main;
				INFOPLIST_KEY_UIStatusBarStyle = "";
				INFOPLIST_KEY_UISupportedInterfaceOrientations_iPad = "UIInterfaceOrientationPortrait UIInterfaceOrientationPortraitUpsideDown UIInterfaceOrientationLandscapeLeft UIInterfaceOrientationLandscapeRight";
				INFOPLIST_KEY_UISupportedInterfaceOrientations_iPhone = "UIInterfaceOrientationPortrait UIInterfaceOrientationLandscapeLeft UIInterfaceOrientationLandscapeRight";
				LD_RUNPATH_SEARCH_PATHS = (
					"$(inherited)",
					"@executable_path/Frameworks",
				);
				MARKETING_VERSION = 1.0;
				PRODUCT_BUNDLE_IDENTIFIER = com.matthew.CSNavigationProject;
				PRODUCT_NAME = "$(TARGET_NAME)";
				SUPPORTED_PLATFORMS = "iphoneos iphonesimulator macosx";
				SUPPORTS_MACCATALYST = NO;
				SUPPORTS_MAC_DESIGNED_FOR_IPHONE_IPAD = NO;
				SWIFT_EMIT_LOC_STRINGS = YES;
				SWIFT_VERSION = 5.0;
				TARGETED_DEVICE_FAMILY = "1,2";
			};
			name = Debug;
		};
		34DB680F298A5F1A00DD69AD /* Release */ = {
			isa = XCBuildConfiguration;
			buildSettings = {
				ASSETCATALOG_COMPILER_APPICON_NAME = AppIcon;
				ASSETCATALOG_COMPILER_GLOBAL_ACCENT_COLOR_NAME = AccentColor;
				CODE_SIGN_STYLE = Automatic;
				CURRENT_PROJECT_VERSION = 1;
				DEVELOPMENT_TEAM = 3LX4GSD4QD;
				GENERATE_INFOPLIST_FILE = YES;
				INFOPLIST_FILE = CSNavigationProject/Info.plist;
				INFOPLIST_KEY_UIApplicationSupportsIndirectInputEvents = YES;
				INFOPLIST_KEY_UILaunchStoryboardName = LaunchScreen;
				INFOPLIST_KEY_UIMainStoryboardFile = Main;
				INFOPLIST_KEY_UIStatusBarStyle = "";
				INFOPLIST_KEY_UISupportedInterfaceOrientations_iPad = "UIInterfaceOrientationPortrait UIInterfaceOrientationPortraitUpsideDown UIInterfaceOrientationLandscapeLeft UIInterfaceOrientationLandscapeRight";
				INFOPLIST_KEY_UISupportedInterfaceOrientations_iPhone = "UIInterfaceOrientationPortrait UIInterfaceOrientationLandscapeLeft UIInterfaceOrientationLandscapeRight";
				LD_RUNPATH_SEARCH_PATHS = (
					"$(inherited)",
					"@executable_path/Frameworks",
				);
				MARKETING_VERSION = 1.0;
				PRODUCT_BUNDLE_IDENTIFIER = com.matthew.CSNavigationProject;
				PRODUCT_NAME = "$(TARGET_NAME)";
				SUPPORTED_PLATFORMS = "iphoneos iphonesimulator macosx";
				SUPPORTS_MACCATALYST = NO;
				SUPPORTS_MAC_DESIGNED_FOR_IPHONE_IPAD = NO;
				SWIFT_EMIT_LOC_STRINGS = YES;
				SWIFT_VERSION = 5.0;
				TARGETED_DEVICE_FAMILY = "1,2";
			};
			name = Release;
		};
/* End XCBuildConfiguration section */

/* Begin XCConfigurationList section */
		34DB67F4298A5F1900DD69AD /* Build configuration list for PBXProject "CSNavigationProject" */ = {
			isa = XCConfigurationList;
			buildConfigurations = (
				34DB680B298A5F1A00DD69AD /* Debug */,
				34DB680C298A5F1A00DD69AD /* Release */,
			);
			defaultConfigurationIsVisible = 0;
			defaultConfigurationName = Release;
		};
		34DB680D298A5F1A00DD69AD /* Build configuration list for PBXNativeTarget "CSNavigationProject" */ = {
			isa = XCConfigurationList;
			buildConfigurations = (
				34DB680E298A5F1A00DD69AD /* Debug */,
				34DB680F298A5F1A00DD69AD /* Release */,
			);
			defaultConfigurationIsVisible = 0;
			defaultConfigurationName = Release;
		};
/* End XCConfigurationList section */
	};
	rootObject = 34DB67F1298A5F1900DD69AD /* Project object */;
}
